
Microsoft Visual Studio Solution File, Format Version 12.00
# Visual Studio 14
VisualStudioVersion = 14.0.25123.0
MinimumVisualStudioVersion = 10.0.40219.1
Project("{FAE04EC0-301F-11D3-BF4B-00C04F79EFBC}") = "CustomerSalesTransaction.Repo", "CustomerSalesTransaction.Repo\CustomerSalesTransaction.Repo.csproj", "{29B77036-85D7-4847-8058-E7C9BCFDDABB}"
EndProject
Project("{FAE04EC0-301F-11D3-BF4B-00C04F79EFBC}") = "CustomerSalesTransaction.Common", "CustomerSalesTransaction.Common\CustomerSalesTransaction.Common.csproj", "{618C69AD-3FDD-410E-99FB-C3A537A5164B}"
EndProject
Project("{FAE04EC0-301F-11D3-BF4B-00C04F79EFBC}") = "CustomerSalesTransaction.UI", "CustomerSalesTransaction.UI\CustomerSalesTransaction.UI.csproj", "{281A3044-5A91-40CD-B045-E06EBE2B60F3}"
EndProject
Global
	GlobalSection(SolutionConfigurationPlatforms) = preSolution
		Debug|Any CPU = Debug|Any CPU
		Release|Any CPU = Release|Any CPU
	EndGlobalSection
	GlobalSection(ProjectConfigurationPlatforms) = postSolution
		{29B77036-85D7-4847-8058-E7C9BCFDDABB}.Debug|Any CPU.ActiveCfg = Debug|Any CPU
		{29B77036-85D7-4847-8058-E7C9BCFDDABB}.Debug|Any CPU.Build.0 = Debug|Any CPU
		{29B77036-85D7-4847-8058-E7C9BCFDDABB}.Release|Any CPU.ActiveCfg = Release|Any CPU
		{29B77036-85D7-4847-8058-E7C9BCFDDABB}.Release|Any CPU.Build.0 = Release|Any CPU
		{618C69AD-3FDD-410E-99FB-C3A537A5164B}.Debug|Any CPU.ActiveCfg = Debug|Any CPU
		{618C69AD-3FDD-410E-99FB-C3A537A5164B}.Debug|Any CPU.Build.0 = Debug|Any CPU
		{618C69AD-3FDD-410E-99FB-C3A537A5164B}.Release|Any CPU.ActiveCfg = Release|Any CPU
		{618C69AD-3FDD-410E-99FB-C3A537A5164B}.Release|Any CPU.Build.0 = Release|Any CPU
		{281A3044-5A91-40CD-B045-E06EBE2B60F3}.Debug|Any CPU.ActiveCfg = Debug|Any CPU
		{281A3044-5A91-40CD-B045-E06EBE2B60F3}.Debug|Any CPU.Build.0 = Debug|Any CPU
		{281A3044-5A91-40CD-B045-E06EBE2B60F3}.Release|Any CPU.ActiveCfg = Release|Any CPU
		{281A3044-5A91-40CD-B045-E06EBE2B60F3}.Release|Any CPU.Build.0 = Release|Any CPU
	EndGlobalSection
	GlobalSection(SolutionProperties) = preSolution
		HideSolutionNode = FALSE
	EndGlobalSection
EndGlobal
